
Microsoft Visual Studio Solution File, Format Version 12.00
# Visual Studio 15
Project("{FAE04EC0-301F-11D3-BF4B-00C04F79EFBC}") = "Assembly-CSharp", "Assembly-CSharp.csproj", "{E490CC83-4D28-0942-6647-087476C9DA21}"
EndProject
Project("{FAE04EC0-301F-11D3-BF4B-00C04F79EFBC}") = "Assembly-CSharp-firstpass", "Assembly-CSharp-firstpass.csproj", "{00052BA1-4C1B-CF71-D4CF-EB13E15B910C}"
EndProject
Project("{FAE04EC0-301F-11D3-BF4B-00C04F79EFBC}") = "Assembly-CSharp-Editor-firstpass", "Assembly-CSharp-Editor-firstpass.csproj", "{421A1F4C-4ED0-DD92-C367-2BBDC37D275D}"
EndProject
Global
	GlobalSection(SolutionConfigurationPlatforms) = preSolution
		Debug|Any CPU = Debug|Any CPU
		Release|Any CPU = Release|Any CPU
	EndGlobalSection
	GlobalSection(ProjectConfigurationPlatforms) = postSolution
		{E490CC83-4D28-0942-6647-087476C9DA21}.Debug|Any CPU.ActiveCfg = Debug|Any CPU
		{E490CC83-4D28-0942-6647-087476C9DA21}.Debug|Any CPU.Build.0 = Debug|Any CPU
		{E490CC83-4D28-0942-6647-087476C9DA21}.Release|Any CPU.ActiveCfg = Release|Any CPU
		{E490CC83-4D28-0942-6647-087476C9DA21}.Release|Any CPU.Build.0 = Release|Any CPU
		{00052BA1-4C1B-CF71-D4CF-EB13E15B910C}.Debug|Any CPU.ActiveCfg = Debug|Any CPU
		{00052BA1-4C1B-CF71-D4CF-EB13E15B910C}.Debug|Any CPU.Build.0 = Debug|Any CPU
		{00052BA1-4C1B-CF71-D4CF-EB13E15B910C}.Release|Any CPU.ActiveCfg = Release|Any CPU
		{00052BA1-4C1B-CF71-D4CF-EB13E15B910C}.Release|Any CPU.Build.0 = Release|Any CPU
		{421A1F4C-4ED0-DD92-C367-2BBDC37D275D}.Debug|Any CPU.ActiveCfg = Debug|Any CPU
		{421A1F4C-4ED0-DD92-C367-2BBDC37D275D}.Debug|Any CPU.Build.0 = Debug|Any CPU
		{421A1F4C-4ED0-DD92-C367-2BBDC37D275D}.Release|Any CPU.ActiveCfg = Release|Any CPU
		{421A1F4C-4ED0-DD92-C367-2BBDC37D275D}.Release|Any CPU.Build.0 = Release|Any CPU
	EndGlobalSection
	GlobalSection(SolutionProperties) = preSolution
		HideSolutionNode = FALSE
	EndGlobalSection
EndGlobal
